
Microsoft Visual Studio Solution File, Format Version 12.00
# Visual Studio Version 17
VisualStudioVersion = 17.0.31903.59
MinimumVisualStudioVersion = 10.0.40219.1
Project("{FAE04EC0-301F-11D3-BF4B-00C04F79EFBC}") = "ReservaHotel.Domain", "ReservaHotel.Domain\ReservaHotel.Domain.csproj", "{9F52DC5D-D311-4A32-9368-399C2B71E04B}"
EndProject
Project("{FAE04EC0-301F-11D3-BF4B-00C04F79EFBC}") = "ReservaHotel.Application", "ReservaHotel.Application\ReservaHotel.Application.csproj", "{BBE2FA60-85DE-4C09-B48B-B3A87712D5F2}"
EndProject
Project("{FAE04EC0-301F-11D3-BF4B-00C04F79EFBC}") = "ReservaHotel.Infrastructure", "ReservaHotel.Infrastructure\ReservaHotel.Infrastructure.csproj", "{2C047700-E1AE-4133-A28A-ED3D6D3B8188}"
EndProject
Project("{FAE04EC0-301F-11D3-BF4B-00C04F79EFBC}") = "ReservaHotel.Presentacion", "ReservaHotel.Presentacion\ReservaHotel.Presentacion.csproj", "{1245EAA1-93C8-4A05-955D-7A1E323F32DD}"
EndProject
Global
	GlobalSection(SolutionConfigurationPlatforms) = preSolution
		Debug|Any CPU = Debug|Any CPU
		Release|Any CPU = Release|Any CPU
	EndGlobalSection
	GlobalSection(ProjectConfigurationPlatforms) = postSolution
		{9F52DC5D-D311-4A32-9368-399C2B71E04B}.Debug|Any CPU.ActiveCfg = Debug|Any CPU
		{9F52DC5D-D311-4A32-9368-399C2B71E04B}.Debug|Any CPU.Build.0 = Debug|Any CPU
		{9F52DC5D-D311-4A32-9368-399C2B71E04B}.Release|Any CPU.ActiveCfg = Release|Any CPU
		{9F52DC5D-D311-4A32-9368-399C2B71E04B}.Release|Any CPU.Build.0 = Release|Any CPU
		{BBE2FA60-85DE-4C09-B48B-B3A87712D5F2}.Debug|Any CPU.ActiveCfg = Debug|Any CPU
		{BBE2FA60-85DE-4C09-B48B-B3A87712D5F2}.Debug|Any CPU.Build.0 = Debug|Any CPU
		{BBE2FA60-85DE-4C09-B48B-B3A87712D5F2}.Release|Any CPU.ActiveCfg = Release|Any CPU
		{BBE2FA60-85DE-4C09-B48B-B3A87712D5F2}.Release|Any CPU.Build.0 = Release|Any CPU
		{2C047700-E1AE-4133-A28A-ED3D6D3B8188}.Debug|Any CPU.ActiveCfg = Debug|Any CPU
		{2C047700-E1AE-4133-A28A-ED3D6D3B8188}.Debug|Any CPU.Build.0 = Debug|Any CPU
		{2C047700-E1AE-4133-A28A-ED3D6D3B8188}.Release|Any CPU.ActiveCfg = Release|Any CPU
		{2C047700-E1AE-4133-A28A-ED3D6D3B8188}.Release|Any CPU.Build.0 = Release|Any CPU
		{1245EAA1-93C8-4A05-955D-7A1E323F32DD}.Debug|Any CPU.ActiveCfg = Debug|Any CPU
		{1245EAA1-93C8-4A05-955D-7A1E323F32DD}.Debug|Any CPU.Build.0 = Debug|Any CPU
		{1245EAA1-93C8-4A05-955D-7A1E323F32DD}.Release|Any CPU.ActiveCfg = Release|Any CPU
		{1245EAA1-93C8-4A05-955D-7A1E323F32DD}.Release|Any CPU.Build.0 = Release|Any CPU
	EndGlobalSection
	GlobalSection(SolutionProperties) = preSolution
		HideSolutionNode = FALSE
	EndGlobalSection
	GlobalSection(ExtensibilityGlobals) = postSolution
		SolutionGuid = {FD13DA3D-A601-47DE-AB5E-B92AF2B51BC3}
	EndGlobalSection
EndGlobal
